// !$*UTF8*$!
{
	archiveVersion = 1;
	classes = {
	};
	objectVersion = 50;
	objects = {

/* Begin PBXBuildFile section */
		C7FAE31125174ED800152EB6 /* AppDelegate.swift in Sources */ = {isa = PBXBuildFile; fileRef = C7FAE31025174ED800152EB6 /* AppDelegate.swift */; };
		C7FAE31325174ED800152EB6 /* SceneDelegate.swift in Sources */ = {isa = PBXBuildFile; fileRef = C7FAE31225174ED800152EB6 /* SceneDelegate.swift */; };
		C7FAE31525174ED800152EB6 /* ViewController.swift in Sources */ = {isa = PBXBuildFile; fileRef = C7FAE31425174ED800152EB6 /* ViewController.swift */; };
		C7FAE31825174ED800152EB6 /* Main.storyboard in Resources */ = {isa = PBXBuildFile; fileRef = C7FAE31625174ED800152EB6 /* Main.storyboard */; };
		C7FAE31A25174ED900152EB6 /* Assets.xcassets in Resources */ = {isa = PBXBuildFile; fileRef = C7FAE31925174ED900152EB6 /* Assets.xcassets */; };
		C7FAE31D25174ED900152EB6 /* LaunchScreen.storyboard in Resources */ = {isa = PBXBuildFile; fileRef = C7FAE31B25174ED900152EB6 /* LaunchScreen.storyboard */; };
		C7FAE327251757A800152EB6 /* FeedTableViewCell.swift in Sources */ = {isa = PBXBuildFile; fileRef = C7FAE326251757A800152EB6 /* FeedTableViewCell.swift */; };
		C7FAE32A25175A7400152EB6 /* Feed.swift in Sources */ = {isa = PBXBuildFile; fileRef = C7FAE32925175A7400152EB6 /* Feed.swift */; };
/* End PBXBuildFile section */

/* Begin PBXFileReference section */
		C7FAE30D25174ED800152EB6 /* SocialCell.app */ = {isa = PBXFileReference; explicitFileType = wrapper.application; includeInIndex = 0; path = SocialCell.app; sourceTree = BUILT_PRODUCTS_DIR; };
		C7FAE31025174ED800152EB6 /* AppDelegate.swift */ = {isa = PBXFileReference; lastKnownFileType = sourcecode.swift; path = AppDelegate.swift; sourceTree = "<group>"; };
		C7FAE31225174ED800152EB6 /* SceneDelegate.swift */ = {isa = PBXFileReference; lastKnownFileType = sourcecode.swift; path = SceneDelegate.swift; sourceTree = "<group>"; };
		C7FAE31425174ED800152EB6 /* ViewController.swift */ = {isa = PBXFileReference; lastKnownFileType = sourcecode.swift; path = ViewController.swift; sourceTree = "<group>"; };
		C7FAE31725174ED800152EB6 /* Base */ = {isa = PBXFileReference; lastKnownFileType = file.storyboard; name = Base; path = Base.lproj/Main.storyboard; sourceTree = "<group>"; };
		C7FAE31925174ED900152EB6 /* Assets.xcassets */ = {isa = PBXFileReference; lastKnownFileType = folder.assetcatalog; path = Assets.xcassets; sourceTree = "<group>"; };
		C7FAE31C25174ED900152EB6 /* Base */ = {isa = PBXFileReference; lastKnownFileType = file.storyboard; name = Base; path = Base.lproj/LaunchScreen.storyboard; sourceTree = "<group>"; };
		C7FAE31E25174ED900152EB6 /* Info.plist */ = {isa = PBXFileReference; lastKnownFileType = text.plist.xml; path = Info.plist; sourceTree = "<group>"; };
		C7FAE326251757A800152EB6 /* FeedTableViewCell.swift */ = {isa = PBXFileReference; lastKnownFileType = sourcecode.swift; path = FeedTableViewCell.swift; sourceTree = "<group>"; };
		C7FAE32925175A7400152EB6 /* Feed.swift */ = {isa = PBXFileReference; lastKnownFileType = sourcecode.swift; path = Feed.swift; sourceTree = "<group>"; };
/* End PBXFileReference section */

/* Begin PBXFrameworksBuildPhase section */
		C7FAE30A25174ED800152EB6 /* Frameworks */ = {
			isa = PBXFrameworksBuildPhase;
			buildActionMask = 2147483647;
			files = (
			);
			runOnlyForDeploymentPostprocessing = 0;
		};
/* End PBXFrameworksBuildPhase section */

/* Begin PBXGroup section */
		C7FAE30425174ED800152EB6 = {
			isa = PBXGroup;
			children = (
				C7FAE30F25174ED800152EB6 /* SocialCell */,
				C7FAE30E25174ED800152EB6 /* Products */,
			);
			sourceTree = "<group>";
		};
		C7FAE30E25174ED800152EB6 /* Products */ = {
			isa = PBXGroup;
			children = (
				C7FAE30D25174ED800152EB6 /* SocialCell.app */,
			);
			name = Products;
			sourceTree = "<group>";
		};
		C7FAE30F25174ED800152EB6 /* SocialCell */ = {
			isa = PBXGroup;
			children = (
				C7FAE31025174ED800152EB6 /* AppDelegate.swift */,
				C7FAE31225174ED800152EB6 /* SceneDelegate.swift */,
				C7FAE31425174ED800152EB6 /* ViewController.swift */,
				C7FAE326251757A800152EB6 /* FeedTableViewCell.swift */,
				C7FAE32925175A7400152EB6 /* Feed.swift */,
				C7FAE31625174ED800152EB6 /* Main.storyboard */,
				C7FAE31925174ED900152EB6 /* Assets.xcassets */,
				C7FAE31B25174ED900152EB6 /* LaunchScreen.storyboard */,
				C7FAE31E25174ED900152EB6 /* Info.plist */,
			);
			path = SocialCell;
			sourceTree = "<group>";
		};
/* End PBXGroup section */

/* Begin PBXNativeTarget section */
		C7FAE30C25174ED800152EB6 /* SocialCell */ = {
			isa = PBXNativeTarget;
			buildConfigurationList = C7FAE32125174ED900152EB6 /* Build configuration list for PBXNativeTarget "SocialCell" */;
			buildPhases = (
				C7FAE30925174ED800152EB6 /* Sources */,
				C7FAE30A25174ED800152EB6 /* Frameworks */,
				C7FAE30B25174ED800152EB6 /* Resources */,
			);
			buildRules = (
			);
			dependencies = (
			);
			name = SocialCell;
			productName = SocialCell;
			productReference = C7FAE30D25174ED800152EB6 /* SocialCell.app */;
			productType = "com.apple.product-type.application";
		};
/* End PBXNativeTarget section */

/* Begin PBXProject section */
		C7FAE30525174ED800152EB6 /* Project object */ = {
			isa = PBXProject;
			attributes = {
				LastSwiftUpdateCheck = 1200;
				LastUpgradeCheck = 1200;
				TargetAttributes = {
					C7FAE30C25174ED800152EB6 = {
						CreatedOnToolsVersion = 12.0;
					};
				};
			};
			buildConfigurationList = C7FAE30825174ED800152EB6 /* Build configuration list for PBXProject "SocialCell" */;
			compatibilityVersion = "Xcode 9.3";
			developmentRegion = en;
			hasScannedForEncodings = 0;
			knownRegions = (
				en,
				Base,
			);
			mainGroup = C7FAE30425174ED800152EB6;
			productRefGroup = C7FAE30E25174ED800152EB6 /* Products */;
			projectDirPath = "";
			projectRoot = "";
			targets = (
				C7FAE30C25174ED800152EB6 /* SocialCell */,
			);
		};
/* End PBXProject section */

/* Begin PBXResourcesBuildPhase section */
		C7FAE30B25174ED800152EB6 /* Resources */ = {
			isa = PBXResourcesBuildPhase;
			buildActionMask = 2147483647;
			files = (
				C7FAE31D25174ED900152EB6 /* LaunchScreen.storyboard in Resources */,
				C7FAE31A25174ED900152EB6 /* Assets.xcassets in Resources */,
				C7FAE31825174ED800152EB6 /* Main.storyboard in Resources */,
			);
			runOnlyForDeploymentPostprocessing = 0;
		};
/* End PBXResourcesBuildPhase section */

/* Begin PBXSourcesBuildPhase section */
		C7FAE30925174ED800152EB6 /* Sources */ = {
			isa = PBXSourcesBuildPhase;
			buildActionMask = 2147483647;
			files = (
				C7FAE31525174ED800152EB6 /* ViewController.swift in Sources */,
				C7FAE32A25175A7400152EB6 /* Feed.swift in Sources */,
				C7FAE327251757A800152EB6 /* FeedTableViewCell.swift in Sources */,
				C7FAE31125174ED800152EB6 /* AppDelegate.swift in Sources */,
				C7FAE31325174ED800152EB6 /* SceneDelegate.swift in Sources */,
			);
			runOnlyForDeploymentPostprocessing = 0;
		};
/* End PBXSourcesBuildPhase section */

/* Begin PBXVariantGroup section */
		C7FAE31625174ED800152EB6 /* Main.storyboard */ = {
			isa = PBXVariantGroup;
			children = (
				C7FAE31725174ED800152EB6 /* Base */,
			);
			name = Main.storyboard;
			sourceTree = "<group>";
		};
		C7FAE31B25174ED900152EB6 /* LaunchScreen.storyboard */ = {
			isa = PBXVariantGroup;
			children = (
				C7FAE31C25174ED900152EB6 /* Base */,
			);
			name = LaunchScreen.storyboard;
			sourceTree = "<group>";
		};
/* End PBXVariantGroup section */

/* Begin XCBuildConfiguration section */
		C7FAE31F25174ED900152EB6 /* Debug */ = {
			isa = XCBuildConfiguration;
			buildSettings = {
				ALWAYS_SEARCH_USER_PATHS = NO;
				CLANG_ANALYZER_NONNULL = YES;
				CLANG_ANALYZER_NUMBER_OBJECT_CONVERSION = YES_AGGRESSIVE;
				CLANG_CXX_LANGUAGE_STANDARD = "gnu++14";
				CLANG_CXX_LIBRARY = "libc++";
				CLANG_ENABLE_MODULES = YES;
				CLANG_ENABLE_OBJC_ARC = YES;
				CLANG_ENABLE_OBJC_WEAK = YES;
				CLANG_WARN_BLOCK_CAPTURE_AUTORELEASING = YES;
				CLANG_WARN_BOOL_CONVERSION = YES;
				CLANG_WARN_COMMA = YES;
				CLANG_WARN_CONSTANT_CONVERSION = YES;
				CLANG_WARN_DEPRECATED_OBJC_IMPLEMENTATIONS = YES;
				CLANG_WARN_DIRECT_OBJC_ISA_USAGE = YES_ERROR;
				CLANG_WARN_DOCUMENTATION_COMMENTS = YES;
				CLANG_WARN_EMPTY_BODY = YES;
				CLANG_WARN_ENUM_CONVERSION = YES;
				CLANG_WARN_INFINITE_RECURSION = YES;
				CLANG_WARN_INT_CONVERSION = YES;
				CLANG_WARN_NON_LITERAL_NULL_CONVERSION = YES;
				CLANG_WARN_OBJC_IMPLICIT_RETAIN_SELF = YES;
				CLANG_WARN_OBJC_LITERAL_CONVERSION = YES;
				CLANG_WARN_OBJC_ROOT_CLASS = YES_ERROR;
				CLANG_WARN_QUOTED_INCLUDE_IN_FRAMEWORK_HEADER = YES;
				CLANG_WARN_RANGE_LOOP_ANALYSIS = YES;
				CLANG_WARN_STRICT_PROTOTYPES = YES;
				CLANG_WARN_SUSPICIOUS_MOVE = YES;
				CLANG_WARN_UNGUARDED_AVAILABILITY = YES_AGGRESSIVE;
				CLANG_WARN_UNREACHABLE_CODE = YES;
				CLANG_WARN__DUPLICATE_METHOD_MATCH = YES;
				COPY_PHASE_STRIP = NO;
				DEBUG_INFORMATION_FORMAT = dwarf;
				ENABLE_STRICT_OBJC_MSGSEND = YES;
				ENABLE_TESTABILITY = YES;
				GCC_C_LANGUAGE_STANDARD = gnu11;
				GCC_DYNAMIC_NO_PIC = NO;
				GCC_NO_COMMON_BLOCKS = YES;
				GCC_OPTIMIZATION_LEVEL = 0;
				GCC_PREPROCESSOR_DEFINITIONS = (
					"DEBUG=1",
					"$(inherited)",
				);
				GCC_WARN_64_TO_32_BIT_CONVERSION = YES;
				GCC_WARN_ABOUT_RETURN_TYPE = YES_ERROR;
				GCC_WARN_UNDECLARED_SELECTOR = YES;
				GCC_WARN_UNINITIALIZED_AUTOS = YES_AGGRESSIVE;
				GCC_WARN_UNUSED_FUNCTION = YES;
				GCC_WARN_UNUSED_VARIABLE = YES;
				IPHONEOS_DEPLOYMENT_TARGET = 14.0;
				MTL_ENABLE_DEBUG_INFO = INCLUDE_SOURCE;
				MTL_FAST_MATH = YES;
				ONLY_ACTIVE_ARCH = YES;
				SDKROOT = iphoneos;
				SWIFT_ACTIVE_COMPILATION_CONDITIONS = DEBUG;
				SWIFT_OPTIMIZATION_LEVEL = "-Onone";
			};
			name = Debug;
		};
		C7FAE32025174ED900152EB6 /* Release */ = {
			isa = XCBuildConfiguration;
			buildSettings = {
				ALWAYS_SEARCH_USER_PATHS = NO;
				CLANG_ANALYZER_NONNULL = YES;
				CLANG_ANALYZER_NUMBER_OBJECT_CONVERSION = YES_AGGRESSIVE;
				CLANG_CXX_LANGUAGE_STANDARD = "gnu++14";
				CLANG_CXX_LIBRARY = "libc++";
				CLANG_ENABLE_MODULES = YES;
				CLANG_ENABLE_OBJC_ARC = YES;
				CLANG_ENABLE_OBJC_WEAK = YES;
				CLANG_WARN_BLOCK_CAPTURE_AUTORELEASING = YES;
				CLANG_WARN_BOOL_CONVERSION = YES;
				CLANG_WARN_COMMA = YES;
				CLANG_WARN_CONSTANT_CONVERSION = YES;
				CLANG_WARN_DEPRECATED_OBJC_IMPLEMENTATIONS = YES;
				CLANG_WARN_DIRECT_OBJC_ISA_USAGE = YES_ERROR;
				CLANG_WARN_DOCUMENTATION_COMMENTS = YES;
				CLANG_WARN_EMPTY_BODY = YES;
				CLANG_WARN_ENUM_CONVERSION = YES;
				CLANG_WARN_INFINITE_RECURSION = YES;
				CLANG_WARN_INT_CONVERSION = YES;
				CLANG_WARN_NON_LITERAL_NULL_CONVERSION = YES;
				CLANG_WARN_OBJC_IMPLICIT_RETAIN_SELF = YES;
				CLANG_WARN_OBJC_LITERAL_CONVERSION = YES;
				CLANG_WARN_OBJC_ROOT_CLASS = YES_ERROR;
				CLANG_WARN_QUOTED_INCLUDE_IN_FRAMEWORK_HEADER = YES;
				CLANG_WARN_RANGE_LOOP_ANALYSIS = YES;
				CLANG_WARN_STRICT_PROTOTYPES = YES;
				CLANG_WARN_SUSPICIOUS_MOVE = YES;
				CLANG_WARN_UNGUARDED_AVAILABILITY = YES_AGGRESSIVE;
				CLANG_WARN_UNREACHABLE_CODE = YES;
				CLANG_WARN__DUPLICATE_METHOD_MATCH = YES;
				COPY_PHASE_STRIP = NO;
				DEBUG_INFORMATION_FORMAT = "dwarf-with-dsym";
				ENABLE_NS_ASSERTIONS = NO;
				ENABLE_STRICT_OBJC_MSGSEND = YES;
				GCC_C_LANGUAGE_STANDARD = gnu11;
				GCC_NO_COMMON_BLOCKS = YES;
				GCC_WARN_64_TO_32_BIT_CONVERSION = YES;
				GCC_WARN_ABOUT_RETURN_TYPE = YES_ERROR;
				GCC_WARN_UNDECLARED_SELECTOR = YES;
				GCC_WARN_UNINITIALIZED_AUTOS = YES_AGGRESSIVE;
				GCC_WARN_UNUSED_FUNCTION = YES;
				GCC_WARN_UNUSED_VARIABLE = YES;
				IPHONEOS_DEPLOYMENT_TARGET = 14.0;
				MTL_ENABLE_DEBUG_INFO = NO;
				MTL_FAST_MATH = YES;
				SDKROOT = iphoneos;
				SWIFT_COMPILATION_MODE = wholemodule;
				SWIFT_OPTIMIZATION_LEVEL = "-O";
				VALIDATE_PRODUCT = YES;
			};
			name = Release;
		};
		C7FAE32225174ED900152EB6 /* Debug */ = {
			isa = XCBuildConfiguration;
			buildSettings = {
				ASSETCATALOG_COMPILER_APPICON_NAME = AppIcon;
				ASSETCATALOG_COMPILER_GLOBAL_ACCENT_COLOR_NAME = AccentColor;
				CODE_SIGN_STYLE = Automatic;
				INFOPLIST_FILE = SocialCell/Info.plist;
				LD_RUNPATH_SEARCH_PATHS = (
					"$(inherited)",
					"@executable_path/Frameworks",
				);
				PRODUCT_BUNDLE_IDENTIFIER = net.yagom.SocialCell;
				PRODUCT_NAME = "$(TARGET_NAME)";
				SWIFT_VERSION = 5.0;
				TARGETED_DEVICE_FAMILY = "1,2";
			};
			name = Debug;
		};
		C7FAE32325174ED900152EB6 /* Release */ = {
			isa = XCBuildConfiguration;
			buildSettings = {
				ASSETCATALOG_COMPILER_APPICON_NAME = AppIcon;
				ASSETCATALOG_COMPILER_GLOBAL_ACCENT_COLOR_NAME = AccentColor;
				CODE_SIGN_STYLE = Automatic;
				INFOPLIST_FILE = SocialCell/Info.plist;
				LD_RUNPATH_SEARCH_PATHS = (
					"$(inherited)",
					"@executable_path/Frameworks",
				);
				PRODUCT_BUNDLE_IDENTIFIER = net.yagom.SocialCell;
				PRODUCT_NAME = "$(TARGET_NAME)";
				SWIFT_VERSION = 5.0;
				TARGETED_DEVICE_FAMILY = "1,2";
			};
			name = Release;
		};
/* End XCBuildConfiguration section */

/* Begin XCConfigurationList section */
		C7FAE30825174ED800152EB6 /* Build configuration list for PBXProject "SocialCell" */ = {
			isa = XCConfigurationList;
			buildConfigurations = (
				C7FAE31F25174ED900152EB6 /* Debug */,
				C7FAE32025174ED900152EB6 /* Release */,
			);
			defaultConfigurationIsVisible = 0;
			defaultConfigurationName = Release;
		};
		C7FAE32125174ED900152EB6 /* Build configuration list for PBXNativeTarget "SocialCell" */ = {
			isa = XCConfigurationList;
			buildConfigurations = (
				C7FAE32225174ED900152EB6 /* Debug */,
				C7FAE32325174ED900152EB6 /* Release */,
			);
			defaultConfigurationIsVisible = 0;
			defaultConfigurationName = Release;
		};
/* End XCConfigurationList section */
	};
	rootObject = C7FAE30525174ED800152EB6 /* Project object */;
}
